
Microsoft Visual Studio Solution File, Format Version 12.00
# Visual Studio Version 17
VisualStudioVersion = 17.8.34330.188
MinimumVisualStudioVersion = 10.0.40219.1
Project("{FAE04EC0-301F-11D3-BF4B-00C04F79EFBC}") = "API", "API\API.csproj", "{C295A490-F908-4830-9F86-09ACCE10E141}"
EndProject
Project("{FAE04EC0-301F-11D3-BF4B-00C04F79EFBC}") = "Client", "Client\Client.csproj", "{7ED8E01A-4B8E-4507-9BAA-EF1330507417}"
EndProject
Project("{FAE04EC0-301F-11D3-BF4B-00C04F79EFBC}") = "GeneralLibrary", "GeneralLibrary\GeneralLibrary.csproj", "{6F16A3EF-ACB1-4AF5-80B0-DD8558E2C5C5}"
EndProject
Project("{00D1A9C2-B5F0-4AF3-8072-F6C62B433612}") = "DatabaseManagement", "DatabaseManagement\DatabaseManagement.sqlproj", "{4CF56ACC-89F5-4DDB-AB6D-33EBA70B92D5}"
EndProject
Global
	GlobalSection(SolutionConfigurationPlatforms) = preSolution
		Debug|Any CPU = Debug|Any CPU
		Release|Any CPU = Release|Any CPU
	EndGlobalSection
	GlobalSection(ProjectConfigurationPlatforms) = postSolution
		{C295A490-F908-4830-9F86-09ACCE10E141}.Debug|Any CPU.ActiveCfg = Debug|Any CPU
		{C295A490-F908-4830-9F86-09ACCE10E141}.Debug|Any CPU.Build.0 = Debug|Any CPU
		{C295A490-F908-4830-9F86-09ACCE10E141}.Release|Any CPU.ActiveCfg = Release|Any CPU
		{C295A490-F908-4830-9F86-09ACCE10E141}.Release|Any CPU.Build.0 = Release|Any CPU
		{7ED8E01A-4B8E-4507-9BAA-EF1330507417}.Debug|Any CPU.ActiveCfg = Debug|Any CPU
		{7ED8E01A-4B8E-4507-9BAA-EF1330507417}.Debug|Any CPU.Build.0 = Debug|Any CPU
		{7ED8E01A-4B8E-4507-9BAA-EF1330507417}.Release|Any CPU.ActiveCfg = Release|Any CPU
		{7ED8E01A-4B8E-4507-9BAA-EF1330507417}.Release|Any CPU.Build.0 = Release|Any CPU
		{6F16A3EF-ACB1-4AF5-80B0-DD8558E2C5C5}.Debug|Any CPU.ActiveCfg = Debug|Any CPU
		{6F16A3EF-ACB1-4AF5-80B0-DD8558E2C5C5}.Debug|Any CPU.Build.0 = Debug|Any CPU
		{6F16A3EF-ACB1-4AF5-80B0-DD8558E2C5C5}.Release|Any CPU.ActiveCfg = Release|Any CPU
		{6F16A3EF-ACB1-4AF5-80B0-DD8558E2C5C5}.Release|Any CPU.Build.0 = Release|Any CPU
		{4CF56ACC-89F5-4DDB-AB6D-33EBA70B92D5}.Debug|Any CPU.ActiveCfg = Debug|Any CPU
		{4CF56ACC-89F5-4DDB-AB6D-33EBA70B92D5}.Debug|Any CPU.Build.0 = Debug|Any CPU
		{4CF56ACC-89F5-4DDB-AB6D-33EBA70B92D5}.Debug|Any CPU.Deploy.0 = Debug|Any CPU
		{4CF56ACC-89F5-4DDB-AB6D-33EBA70B92D5}.Release|Any CPU.ActiveCfg = Release|Any CPU
		{4CF56ACC-89F5-4DDB-AB6D-33EBA70B92D5}.Release|Any CPU.Build.0 = Release|Any CPU
		{4CF56ACC-89F5-4DDB-AB6D-33EBA70B92D5}.Release|Any CPU.Deploy.0 = Release|Any CPU
	EndGlobalSection
	GlobalSection(SolutionProperties) = preSolution
		HideSolutionNode = FALSE
	EndGlobalSection
	GlobalSection(ExtensibilityGlobals) = postSolution
		SolutionGuid = {C540DA03-6598-4E71-81AB-33906F137333}
	EndGlobalSection
EndGlobal
